{
	"name": "@suitest/smst",
	"version": "4.9.0",
	"lockfileVersion": 2,
	"requires": true,
	"packages": {
		"": {
			"name": "@suitest/smst",
			"version": "4.9.0",
			"license": "MIT",
			"dependencies": {
				"unist-builder": "^2.0.3"
			}
		},
		"node_modules/unist-builder": {
			"version": "2.0.3",
			"resolved": "https://registry.npmjs.org/unist-builder/-/unist-builder-2.0.3.tgz",
			"integrity": "sha512-f98yt5pnlMWlzP539tPc4grGMsFaQQlP/vM396b00jngsiINumNmsY8rkXjfoi1c6QaM8nQ3vaGDuoKWbe/1Uw=="
		}
	},
	"dependencies": {
		"unist-builder": {
			"version": "2.0.3",
			"resolved": "https://registry.npmjs.org/unist-builder/-/unist-builder-2.0.3.tgz",
			"integrity": "sha512-f98yt5pnlMWlzP539tPc4grGMsFaQQlP/vM396b00jngsiINumNmsY8rkXjfoi1c6QaM8nQ3vaGDuoKWbe/1Uw=="
		}
	}
}
